
Microsoft Visual Studio Solution File, Format Version 12.00
# Visual Studio Version 16
VisualStudioVersion = 16.0.30503.244
MinimumVisualStudioVersion = 10.0.40219.1
Project("{FAE04EC0-301F-11D3-BF4B-00C04F79EFBC}") = "ConsoleApp2", "ConsoleApp2\ConsoleApp2.csproj", "{B1D1E838-3048-48FF-9D5E-CA15834608A3}"
EndProject
Project("{FAE04EC0-301F-11D3-BF4B-00C04F79EFBC}") = "ConsoleApp1.1", "ConsoleApp1.1\ConsoleApp1.1.csproj", "{115F0FE0-C89F-466A-8482-2EA7922A2F90}"
EndProject
Global
	GlobalSection(SolutionConfigurationPlatforms) = preSolution
		Debug|Any CPU = Debug|Any CPU
		Release|Any CPU = Release|Any CPU
	EndGlobalSection
	GlobalSection(ProjectConfigurationPlatforms) = postSolution
		{B1D1E838-3048-48FF-9D5E-CA15834608A3}.Debug|Any CPU.ActiveCfg = Debug|Any CPU
		{B1D1E838-3048-48FF-9D5E-CA15834608A3}.Debug|Any CPU.Build.0 = Debug|Any CPU
		{B1D1E838-3048-48FF-9D5E-CA15834608A3}.Release|Any CPU.ActiveCfg = Release|Any CPU
		{B1D1E838-3048-48FF-9D5E-CA15834608A3}.Release|Any CPU.Build.0 = Release|Any CPU
		{115F0FE0-C89F-466A-8482-2EA7922A2F90}.Debug|Any CPU.ActiveCfg = Debug|Any CPU
		{115F0FE0-C89F-466A-8482-2EA7922A2F90}.Debug|Any CPU.Build.0 = Debug|Any CPU
		{115F0FE0-C89F-466A-8482-2EA7922A2F90}.Release|Any CPU.ActiveCfg = Release|Any CPU
		{115F0FE0-C89F-466A-8482-2EA7922A2F90}.Release|Any CPU.Build.0 = Release|Any CPU
	EndGlobalSection
	GlobalSection(SolutionProperties) = preSolution
		HideSolutionNode = FALSE
	EndGlobalSection
	GlobalSection(ExtensibilityGlobals) = postSolution
		SolutionGuid = {C14F5689-C7FA-4B3F-97C7-7F5046AAD44D}
	EndGlobalSection
EndGlobal
