
Microsoft Visual Studio Solution File, Format Version 12.00
# Visual Studio Version 16
VisualStudioVersion = 16.0.30503.244
MinimumVisualStudioVersion = 10.0.40219.1
Project("{FAE04EC0-301F-11D3-BF4B-00C04F79EFBC}") = "dz_3", "dz_3\dz_3.csproj", "{1211C5EA-F748-48F4-8EEB-8421AAED18F9}"
EndProject
Project("{FAE04EC0-301F-11D3-BF4B-00C04F79EFBC}") = "dz_3.1", "dz_3.1\dz_3.1.csproj", "{D5529F51-F944-47A2-8EA8-17F6A1F31279}"
EndProject
Project("{FAE04EC0-301F-11D3-BF4B-00C04F79EFBC}") = "dz_3.2", "dz_3.2\dz_3.2.csproj", "{D65B9A06-A699-4E7B-A0E1-2CC67D0144AF}"
EndProject
Global
	GlobalSection(SolutionConfigurationPlatforms) = preSolution
		Debug|Any CPU = Debug|Any CPU
		Release|Any CPU = Release|Any CPU
	EndGlobalSection
	GlobalSection(ProjectConfigurationPlatforms) = postSolution
		{1211C5EA-F748-48F4-8EEB-8421AAED18F9}.Debug|Any CPU.ActiveCfg = Debug|Any CPU
		{1211C5EA-F748-48F4-8EEB-8421AAED18F9}.Debug|Any CPU.Build.0 = Debug|Any CPU
		{1211C5EA-F748-48F4-8EEB-8421AAED18F9}.Release|Any CPU.ActiveCfg = Release|Any CPU
		{1211C5EA-F748-48F4-8EEB-8421AAED18F9}.Release|Any CPU.Build.0 = Release|Any CPU
		{D5529F51-F944-47A2-8EA8-17F6A1F31279}.Debug|Any CPU.ActiveCfg = Debug|Any CPU
		{D5529F51-F944-47A2-8EA8-17F6A1F31279}.Debug|Any CPU.Build.0 = Debug|Any CPU
		{D5529F51-F944-47A2-8EA8-17F6A1F31279}.Release|Any CPU.ActiveCfg = Release|Any CPU
		{D5529F51-F944-47A2-8EA8-17F6A1F31279}.Release|Any CPU.Build.0 = Release|Any CPU
		{D65B9A06-A699-4E7B-A0E1-2CC67D0144AF}.Debug|Any CPU.ActiveCfg = Debug|Any CPU
		{D65B9A06-A699-4E7B-A0E1-2CC67D0144AF}.Debug|Any CPU.Build.0 = Debug|Any CPU
		{D65B9A06-A699-4E7B-A0E1-2CC67D0144AF}.Release|Any CPU.ActiveCfg = Release|Any CPU
		{D65B9A06-A699-4E7B-A0E1-2CC67D0144AF}.Release|Any CPU.Build.0 = Release|Any CPU
	EndGlobalSection
	GlobalSection(SolutionProperties) = preSolution
		HideSolutionNode = FALSE
	EndGlobalSection
	GlobalSection(ExtensibilityGlobals) = postSolution
		SolutionGuid = {B23A94A8-895E-408E-AFEA-8C7B2F30996A}
	EndGlobalSection
EndGlobal
